{
  "originHash" : "612ee23044edcafffa374eb027f9ee9f823a69beafe4e2b02cbc888a5b7f9390",
  "pins" : [
    {
      "identity" : "darwinprivateframeworks",
      "kind" : "remoteSourceControl",
      "location" : "https://github.com/OpenSwiftUIProject/DarwinPrivateFrameworks.git",
      "state" : {
        "branch" : "main",
        "revision" : "db8c67d76c1c95d70389e6aa8d1a26ec6720adda"
      }
    },
    {
      "identity" : "opencoregraphics",
      "kind" : "remoteSourceControl",
      "location" : "https://github.com/OpenSwiftUIProject/OpenCoreGraphics",
      "state" : {
        "branch" : "main",
        "revision" : "cd89c292c4ed4c25d9468a12d9490cc18304ff37"
      }
    },
    {
      "identity" : "swift-numerics",
      "kind" : "remoteSourceControl",
      "location" : "https://github.com/apple/swift-numerics",
      "state" : {
        "revision" : "0c0290ff6b24942dadb83a929ffaaa1481df04a2",
        "version" : "1.1.1"
      }
    }
  ],
  "version" : 3
}
